{
    "name": "electron",
    "lockfileVersion": 3,
    "requires": true,
    "packages": {
        "": {
            "hasInstallScript": true,
            "dependencies": {
                "electron-context-menu": "^4.1.0"
            }
        },
        "node_modules/ansi-regex": {
            "version": "6.1.0",
            "resolved": "https://registry.npmjs.org/ansi-regex/-/ansi-regex-6.1.0.tgz",
            "integrity": "sha512-7HSX4QQb4CspciLpVFwyRe79O3xsIZDDLER21kERQ71oaPodF8jL725AgJMFAYbooIqolJoRLuM81SpeUkpkvA==",
            "license": "MIT",
            "engines": {
                "node": ">=12"
            },
            "funding": {
                "url": "https://github.com/chalk/ansi-regex?sponsor=1"
            }
        },
        "node_modules/ansi-styles": {
            "version": "6.2.1",
            "resolved": "https://registry.npmjs.org/ansi-styles/-/ansi-styles-6.2.1.tgz",
            "integrity": "sha512-bN798gFfQX+viw3R7yrGWRqnrN2oRkEkUjjl4JNn4E8GxxbjtG3FbrEIIY3l8/hrwUwIeCZvi4QuOTP4MErVug==",
            "license": "MIT",
            "engines": {
                "node": ">=12"
            },
            "funding": {
                "url": "https://github.com/chalk/ansi-styles?sponsor=1"
            }
        },
        "node_modules/cli-truncate": {
            "version": "4.0.0",
            "resolved": "https://registry.npmjs.org/cli-truncate/-/cli-truncate-4.0.0.tgz",
            "integrity": "sha512-nPdaFdQ0h/GEigbPClz11D0v/ZJEwxmeVZGeMo3Z5StPtUTkA9o1lD6QwoirYiSDzbcwn2XcjwmCp68W1IS4TA==",
            "license": "MIT",
            "dependencies": {
                "slice-ansi": "^5.0.0",
                "string-width": "^7.0.0"
            },
            "engines": {
                "node": ">=18"
            },
            "funding": {
                "url": "https://github.com/sponsors/sindresorhus"
            }
        },
        "node_modules/electron-context-menu": {
            "version": "4.1.0",
            "resolved": "https://registry.npmjs.org/electron-context-menu/-/electron-context-menu-4.1.0.tgz",
            "integrity": "sha512-mvV7YAIaAvMdxqkdDDHXehe5FPyFKXOyuJqgLwXSrWRjdmDBZQREvgcphKbAVgFU5XjYG5R6PAL00+b8Q6SKqg==",
            "license": "MIT",
            "dependencies": {
                "cli-truncate": "^4.0.0",
                "electron-dl": "^4.0.0",
                "electron-is-dev": "^3.0.1"
            },
            "engines": {
                "node": ">=18"
            },
            "funding": {
                "url": "https://github.com/sponsors/sindresorhus"
            }
        },
        "node_modules/electron-dl": {
            "version": "4.0.0",
            "resolved": "https://registry.npmjs.org/electron-dl/-/electron-dl-4.0.0.tgz",
            "integrity": "sha512-USiB9816d2JzKv0LiSbreRfTg5lDk3lWh0vlx/gugCO92ZIJkHVH0UM18EHvKeadErP6Xn4yiTphWzYfbA2Ong==",
            "license": "MIT",
            "dependencies": {
                "ext-name": "^5.0.0",
                "pupa": "^3.1.0",
                "unused-filename": "^4.0.1"
            },
            "engines": {
                "node": ">=18"
            },
            "funding": {
                "url": "https://github.com/sponsors/sindresorhus"
            }
        },
        "node_modules/electron-is-dev": {
            "version": "3.0.1",
            "resolved": "https://registry.npmjs.org/electron-is-dev/-/electron-is-dev-3.0.1.tgz",
            "integrity": "sha512-8TjjAh8Ec51hUi3o4TaU0mD3GMTOESi866oRNavj9A3IQJ7pmv+MJVmdZBFGw4GFT36X7bkqnuDNYvkQgvyI8Q==",
            "license": "MIT",
            "engines": {
                "node": ">=18"
            },
            "funding": {
                "url": "https://github.com/sponsors/sindresorhus"
            }
        },
        "node_modules/emoji-regex": {
            "version": "10.4.0",
            "resolved": "https://registry.npmjs.org/emoji-regex/-/emoji-regex-10.4.0.tgz",
            "integrity": "sha512-EC+0oUMY1Rqm4O6LLrgjtYDvcVYTy7chDnM4Q7030tP4Kwj3u/pR6gP9ygnp2CJMK5Gq+9Q2oqmrFJAz01DXjw==",
            "license": "MIT"
        },
        "node_modules/escape-goat": {
            "version": "4.0.0",
            "resolved": "https://registry.npmjs.org/escape-goat/-/escape-goat-4.0.0.tgz",
            "integrity": "sha512-2Sd4ShcWxbx6OY1IHyla/CVNwvg7XwZVoXZHcSu9w9SReNP1EzzD5T8NWKIR38fIqEns9kDWKUQTXXAmlDrdPg==",
            "license": "MIT",
            "engines": {
                "node": ">=12"
            },
            "funding": {
                "url": "https://github.com/sponsors/sindresorhus"
            }
        },
        "node_modules/escape-string-regexp": {
            "version": "5.0.0",
            "resolved": "https://registry.npmjs.org/escape-string-regexp/-/escape-string-regexp-5.0.0.tgz",
            "integrity": "sha512-/veY75JbMK4j1yjvuUxuVsiS/hr/4iHs9FTT6cgTexxdE0Ly/glccBAkloH/DofkjRbZU3bnoj38mOmhkZ0lHw==",
            "license": "MIT",
            "engines": {
                "node": ">=12"
            },
            "funding": {
                "url": "https://github.com/sponsors/sindresorhus"
            }
        },
        "node_modules/ext-list": {
            "version": "2.2.2",
            "resolved": "https://registry.npmjs.org/ext-list/-/ext-list-2.2.2.tgz",
            "integrity": "sha512-u+SQgsubraE6zItfVA0tBuCBhfU9ogSRnsvygI7wht9TS510oLkBRXBsqopeUG/GBOIQyKZO9wjTqIu/sf5zFA==",
            "license": "MIT",
            "dependencies": {
                "mime-db": "^1.28.0"
            },
            "engines": {
                "node": ">=0.10.0"
            }
        },
        "node_modules/ext-name": {
            "version": "5.0.0",
            "resolved": "https://registry.npmjs.org/ext-name/-/ext-name-5.0.0.tgz",
            "integrity": "sha512-yblEwXAbGv1VQDmow7s38W77hzAgJAO50ztBLMcUyUBfxv1HC+LGwtiEN+Co6LtlqT/5uwVOxsD4TNIilWhwdQ==",
            "license": "MIT",
            "dependencies": {
                "ext-list": "^2.0.0",
                "sort-keys-length": "^1.0.0"
            },
            "engines": {
                "node": ">=4"
            }
        },
        "node_modules/get-east-asian-width": {
            "version": "1.3.0",
            "resolved": "https://registry.npmjs.org/get-east-asian-width/-/get-east-asian-width-1.3.0.tgz",
            "integrity": "sha512-vpeMIQKxczTD/0s2CdEWHcb0eeJe6TFjxb+J5xgX7hScxqrGuyjmv4c1D4A/gelKfyox0gJJwIHF+fLjeaM8kQ==",
            "license": "MIT",
            "engines": {
                "node": ">=18"
            },
            "funding": {
                "url": "https://github.com/sponsors/sindresorhus"
            }
        },
        "node_modules/is-fullwidth-code-point": {
            "version": "4.0.0",
            "resolved": "https://registry.npmjs.org/is-fullwidth-code-point/-/is-fullwidth-code-point-4.0.0.tgz",
            "integrity": "sha512-O4L094N2/dZ7xqVdrXhh9r1KODPJpFms8B5sGdJLPy664AgvXsreZUyCQQNItZRDlYug4xStLjNp/sz3HvBowQ==",
            "license": "MIT",
            "engines": {
                "node": ">=12"
            },
            "funding": {
                "url": "https://github.com/sponsors/sindresorhus"
            }
        },
        "node_modules/is-plain-obj": {
            "version": "1.1.0",
            "resolved": "https://registry.npmjs.org/is-plain-obj/-/is-plain-obj-1.1.0.tgz",
            "integrity": "sha512-yvkRyxmFKEOQ4pNXCmJG5AEQNlXJS5LaONXo5/cLdTZdWvsZ1ioJEonLGAosKlMWE8lwUy/bJzMjcw8az73+Fg==",
            "license": "MIT",
            "engines": {
                "node": ">=0.10.0"
            }
        },
        "node_modules/mime-db": {
            "version": "1.54.0",
            "resolved": "https://registry.npmjs.org/mime-db/-/mime-db-1.54.0.tgz",
            "integrity": "sha512-aU5EJuIN2WDemCcAp2vFBfp/m4EAhWJnUNSSw0ixs7/kXbd6Pg64EmwJkNdFhB8aWt1sH2CTXrLxo/iAGV3oPQ==",
            "license": "MIT",
            "engines": {
                "node": ">= 0.6"
            }
        },
        "node_modules/path-exists": {
            "version": "5.0.0",
            "resolved": "https://registry.npmjs.org/path-exists/-/path-exists-5.0.0.tgz",
            "integrity": "sha512-RjhtfwJOxzcFmNOi6ltcbcu4Iu+FL3zEj83dk4kAS+fVpTxXLO1b38RvJgT/0QwvV/L3aY9TAnyv0EOqW4GoMQ==",
            "license": "MIT",
            "engines": {
                "node": "^12.20.0 || ^14.13.1 || >=16.0.0"
            }
        },
        "node_modules/pupa": {
            "version": "3.1.0",
            "resolved": "https://registry.npmjs.org/pupa/-/pupa-3.1.0.tgz",
            "integrity": "sha512-FLpr4flz5xZTSJxSeaheeMKN/EDzMdK7b8PTOC6a5PYFKTucWbdqjgqaEyH0shFiSJrVB1+Qqi4Tk19ccU6Aug==",
            "license": "MIT",
            "dependencies": {
                "escape-goat": "^4.0.0"
            },
            "engines": {
                "node": ">=12.20"
            },
            "funding": {
                "url": "https://github.com/sponsors/sindresorhus"
            }
        },
        "node_modules/slice-ansi": {
            "version": "5.0.0",
            "resolved": "https://registry.npmjs.org/slice-ansi/-/slice-ansi-5.0.0.tgz",
            "integrity": "sha512-FC+lgizVPfie0kkhqUScwRu1O/lF6NOgJmlCgK+/LYxDCTk8sGelYaHDhFcDN+Sn3Cv+3VSa4Byeo+IMCzpMgQ==",
            "license": "MIT",
            "dependencies": {
                "ansi-styles": "^6.0.0",
                "is-fullwidth-code-point": "^4.0.0"
            },
            "engines": {
                "node": ">=12"
            },
            "funding": {
                "url": "https://github.com/chalk/slice-ansi?sponsor=1"
            }
        },
        "node_modules/sort-keys": {
            "version": "1.1.2",
            "resolved": "https://registry.npmjs.org/sort-keys/-/sort-keys-1.1.2.tgz",
            "integrity": "sha512-vzn8aSqKgytVik0iwdBEi+zevbTYZogewTUM6dtpmGwEcdzbub/TX4bCzRhebDCRC3QzXgJsLRKB2V/Oof7HXg==",
            "license": "MIT",
            "dependencies": {
                "is-plain-obj": "^1.0.0"
            },
            "engines": {
                "node": ">=0.10.0"
            }
        },
        "node_modules/sort-keys-length": {
            "version": "1.0.1",
            "resolved": "https://registry.npmjs.org/sort-keys-length/-/sort-keys-length-1.0.1.tgz",
            "integrity": "sha512-GRbEOUqCxemTAk/b32F2xa8wDTs+Z1QHOkbhJDQTvv/6G3ZkbJ+frYWsTcc7cBB3Fu4wy4XlLCuNtJuMn7Gsvw==",
            "license": "MIT",
            "dependencies": {
                "sort-keys": "^1.0.0"
            },
            "engines": {
                "node": ">=0.10.0"
            }
        },
        "node_modules/string-width": {
            "version": "7.2.0",
            "resolved": "https://registry.npmjs.org/string-width/-/string-width-7.2.0.tgz",
            "integrity": "sha512-tsaTIkKW9b4N+AEj+SVA+WhJzV7/zMhcSu78mLKWSk7cXMOSHsBKFWUs0fWwq8QyK3MgJBQRX6Gbi4kYbdvGkQ==",
            "license": "MIT",
            "dependencies": {
                "emoji-regex": "^10.3.0",
                "get-east-asian-width": "^1.0.0",
                "strip-ansi": "^7.1.0"
            },
            "engines": {
                "node": ">=18"
            },
            "funding": {
                "url": "https://github.com/sponsors/sindresorhus"
            }
        },
        "node_modules/strip-ansi": {
            "version": "7.1.0",
            "resolved": "https://registry.npmjs.org/strip-ansi/-/strip-ansi-7.1.0.tgz",
            "integrity": "sha512-iq6eVVI64nQQTRYq2KtEg2d2uU7LElhTJwsH4YzIHZshxlgZms/wIc4VoDQTlG/IvVIrBKG06CrZnp0qv7hkcQ==",
            "license": "MIT",
            "dependencies": {
                "ansi-regex": "^6.0.1"
            },
            "engines": {
                "node": ">=12"
            },
            "funding": {
                "url": "https://github.com/chalk/strip-ansi?sponsor=1"
            }
        },
        "node_modules/unused-filename": {
            "version": "4.0.1",
            "resolved": "https://registry.npmjs.org/unused-filename/-/unused-filename-4.0.1.tgz",
            "integrity": "sha512-ZX6U1J04K1FoSUeoX1OicAhw4d0aro2qo+L8RhJkiGTNtBNkd/Fi1Wxoc9HzcVu6HfOzm0si/N15JjxFmD1z6A==",
            "license": "MIT",
            "dependencies": {
                "escape-string-regexp": "^5.0.0",
                "path-exists": "^5.0.0"
            },
            "engines": {
                "node": "^12.20.0 || ^14.13.1 || >=16.0.0"
            },
            "funding": {
                "url": "https://github.com/sponsors/sindresorhus"
            }
        }
    }
}
